
Microsoft Visual Studio Solution File, Format Version 12.00
# Visual Studio Version 17
VisualStudioVersion = 17.4.33103.184
MinimumVisualStudioVersion = 10.0.40219.1
Project("{FAE04EC0-301F-11D3-BF4B-00C04F79EFBC}") = "Final Project", "Final Project\Final Project.csproj", "{2201531A-30B6-43DA-84E2-5878688C5001}"
EndProject
Global
	GlobalSection(SolutionConfigurationPlatforms) = preSolution
		Debug|Any CPU = Debug|Any CPU
		Release|Any CPU = Release|Any CPU
	EndGlobalSection
	GlobalSection(ProjectConfigurationPlatforms) = postSolution
		{2201531A-30B6-43DA-84E2-5878688C5001}.Debug|Any CPU.ActiveCfg = Debug|Any CPU
		{2201531A-30B6-43DA-84E2-5878688C5001}.Debug|Any CPU.Build.0 = Debug|Any CPU
		{2201531A-30B6-43DA-84E2-5878688C5001}.Release|Any CPU.ActiveCfg = Release|Any CPU
		{2201531A-30B6-43DA-84E2-5878688C5001}.Release|Any CPU.Build.0 = Release|Any CPU
	EndGlobalSection
	GlobalSection(SolutionProperties) = preSolution
		HideSolutionNode = FALSE
	EndGlobalSection
	GlobalSection(ExtensibilityGlobals) = postSolution
		SolutionGuid = {FB9E0E7F-819F-468E-8BC4-2CA84D5450D7}
	EndGlobalSection
EndGlobal
